github.com/aws/aws-sdk-go-v2 v1.39.6 h1:2JrPCVgWJm7bm83BDwY5z8ietmeJUbh3O2ACnn+Xsqk=
github.com/aws/aws-sdk-go-v2 v1.39.6/go.mod h1:c9pm7VwuW0UPxAEYGyTmyurVcNrbF6Rt/wixFqDhcjE=
github.com/aws/aws-sdk-go-v2/aws/protocol/eventstream v1.7.3 h1:DHctwEM8P8iTXFxC/QK0MRjwEpWQeM9yzidCRjldUz0=
github.com/aws/aws-sdk-go-v2/aws/protocol/eventstream v1.7.3/go.mod h1:xdCzcZEtnSTKVDOmUZs4l/j3pSV6rpo1WXl5ugNsL8Y=
github.com/aws/aws-sdk-go-v2/config v1.31.17 h1:QFl8lL6RgakNK86vusim14P2k8BFSxjvUkcWLDjgz9Y=
github.com/aws/aws-sdk-go-v2/config v1.31.17/go.mod h1:V8P7ILjp/Uef/aX8TjGk6OHZN6IKPM5YW6S78QnRD5c=
github.com/aws/aws-sdk-go-v2/credentials v1.18.21 h1:56HGpsgnmD+2/KpG0ikvvR8+3v3COCwaF4r+oWwOeNA=
github.com/aws/aws-sdk-go-v2/credentials v1.18.21/go.mod h1:3YELwedmQbw7cXNaII2Wywd+YY58AmLPwX4LzARgmmA=
github.com/aws/aws-sdk-go-v2/feature/dynamodb/attributevalue v1.20.21 h1:aRtF5c9+yTd5ws8Z251wNt01tuR4/FjJd5uEL392ZTQ=
github.com/aws/aws-sdk-go-v2/feature/dynamodb/attributevalue v1.20.21/go.mod h1:VqA+2/pVVPe5RRRJCWsetKmfRipvLPoZhfajj/F1XM8=
github.com/aws/aws-sdk-go-v2/feature/ec2/imds v1.18.13 h1:T1brd5dR3/fzNFAQch/iBKeX07/ffu/cLu+q+RuzEWk=
github.com/aws/aws-sdk-go-v2/feature/ec2/imds v1.18.13/go.mod h1:Peg/GBAQ6JDt+RoBf4meB1wylmAipb7Kg2ZFakZTlwk=
github.com/aws/aws-sdk-go-v2/feature/s3/manager v1.20.4 h1:2fjfz3/G9BRvIKuNZ655GwzpklC2kEH0cowZQGO7uBg=
github.com/aws/aws-sdk-go-v2/feature/s3/manager v1.20.4/go.mod h1:Ymws824lvMypLFPwyyUXM52SXuGgxpu0+DISLfKvB+c=
github.com/aws/aws-sdk-go-v2/internal/configsources v1.4.13 h1:a+8/MLcWlIxo1lF9xaGt3J/u3yOZx+CdSveSNwjhD40=
github.com/aws/aws-sdk-go-v2/internal/configsources v1.4.13/go.mod h1:oGnKwIYZ4XttyU2JWxFrwvhF6YKiK/9/wmE3v3Iu9K8=
github.com/aws/aws-sdk-go-v2/internal/endpoints/v2 v2.7.13 h1:HBSI2kDkMdWz4ZM7FjwE7e/pWDEZ+nR95x8Ztet1ooY=
github.com/aws/aws-sdk-go-v2/internal/endpoints/v2 v2.7.13/go.mod h1:YE94ZoDArI7awZqJzBAZ3PDD2zSfuP7w6P2knOzIn8M=
github.com/aws/aws-sdk-go-v2/internal/ini v1.8.4 h1:WKuaxf++XKWlHWu9ECbMlha8WOEGm0OUEZqm4K/Gcfk=
github.com/aws/aws-sdk-go-v2/internal/ini v1.8.4/go.mod h1:ZWy7j6v1vWGmPReu0iSGvRiise4YI5SkR3OHKTZ6Wuc=
github.com/aws/aws-sdk-go-v2/internal/v4a v1.4.13 h1:eg/WYAa12vqTphzIdWMzqYRVKKnCboVPRlvaybNCqPA=
github.com/aws/aws-sdk-go-v2/internal/v4a v1.4.13/go.mod h1:/FDdxWhz1486obGrKKC1HONd7krpk38LBt+dutLcN9k=
github.com/aws/aws-sdk-go-v2/service/dynamodb v1.52.4 h1:5nhomXR6eve564BfKNb/2wvBJGicjXHOFW9++Y6jwRg=
github.com/aws/aws-sdk-go-v2/service/dynamodb v1.52.4/go.mod h1:6eUUnWOJ8sucL5Uk8rPkFo8FYioM0CTNGHga8hwzXVc=
github.com/aws/aws-sdk-go-v2/service/dynamodbstreams v1.32.2 h1:0V0Nqc3FG2pr59K/NHqOXYJ/gDSAtuRYdp0r6DW16I8=
github.com/aws/aws-sdk-go-v2/service/dynamodbstreams v1.32.2/go.mod h1:nZ9KOFbkwpJtaM4VaBI+Jh6b3QrAyRX/k2hcNogeUZc=
github.com/aws/aws-sdk-go-v2/service/internal/accept-encoding v1.13.3 h1:x2Ibm/Af8Fi+BH+Hsn9TXGdT+hKbDd5XOTZxTMxDk7o=
github.com/aws/aws-sdk-go-v2/service/internal/accept-encoding v1.13.3/go.mod h1:IW1jwyrQgMdhisceG8fQLmQIydcT/jWY21rFhzgaKwo=
github.com/aws/aws-sdk-go-v2/service/internal/checksum v1.9.4 h1:NvMjwvv8hpGUILarKw7Z4Q0w1H9anXKsesMxtw++MA4=
github.com/aws/aws-sdk-go-v2/service/internal/checksum v1.9.4/go.mod h1:455WPHSwaGj2waRSpQp7TsnpOnBfw8iDfPfbwl7KPJE=
github.com/aws/aws-sdk-go-v2/service/internal/endpoint-discovery v1.11.13 h1:FScsqdRyKFkw3u2ysLeWC0dbaz9I+g0xJ1JlQpH6bPo=
github.com/aws/aws-sdk-go-v2/service/internal/endpoint-discovery v1.11.13/go.mod h1:wkhwIaGltEuG4SRwNzPiJmf/tDp+yL5ym55Lt4bheno=
github.com/aws/aws-sdk-go-v2/service/internal/presigned-url v1.13.13 h1:kDqdFvMY4AtKoACfzIGD8A0+hbT41KTKF//gq7jITfM=
github.com/aws/aws-sdk-go-v2/service/internal/presigned-url v1.13.13/go.mod h1:lmKuogqSU3HzQCwZ9ZtcqOc5XGMqtDK7OIc2+DxiUEg=
github.com/aws/aws-sdk-go-v2/service/internal/s3shared v1.19.13 h1:zhBJXdhWIFZ1acfDYIhu4+LCzdUS2Vbcum7D01dXlHQ=
github.com/aws/aws-sdk-go-v2/service/internal/s3shared v1.19.13/go.mod h1:JaaOeCE368qn2Hzi3sEzY6FgAZVCIYcC2nwbro2QCh8=
github.com/aws/aws-sdk-go-v2/service/s3 v1.90.0 h1:ef6gIJR+xv/JQWwpa5FYirzoQctfSJm7tuDe3SZsUf8=
github.com/aws/aws-sdk-go-v2/service/s3 v1.90.0/go.mod h1:+wArOOrcHUevqdto9k1tKOF5++YTe9JEcPSc9Tx2ZSw=
github.com/aws/aws-sdk-go-v2/service/secretsmanager v1.39.10 h1:S5Mw93I9uFjXnHvkZ19O3Zj0UM5k4v3pYrDZxXCbqUg=
github.com/aws/aws-sdk-go-v2/service/secretsmanager v1.39.10/go.mod h1:wW/JqWY6yVr88XZJq5wX22l8XNkDdhw+8eDgkN51Rlc=
github.com/aws/aws-sdk-go-v2/service/sso v1.30.1 h1:0JPwLz1J+5lEOfy/g0SURC9cxhbQ1lIMHMa+AHZSzz0=
github.com/aws/aws-sdk-go-v2/service/sso v1.30.1/go.mod h1:fKvyjJcz63iL/ftA6RaM8sRCtN4r4zl4tjL3qw5ec7k=
github.com/aws/aws-sdk-go-v2/service/ssooidc v1.35.5 h1:OWs0/j2UYR5LOGi88sD5/lhN6TDLG6SfA7CqsQO9zF0=
github.com/aws/aws-sdk-go-v2/service/ssooidc v1.35.5/go.mod h1:klO+ejMvYsB4QATfEOIXk8WAEwN4N0aBfJpvC+5SZBo=
github.com/aws/aws-sdk-go-v2/service/sts v1.39.1 h1:mLlUgHn02ue8whiR4BmxxGJLR2gwU6s6ZzJ5wDamBUs=
github.com/aws/aws-sdk-go-v2/service/sts v1.39.1/go.mod h1:E19xDjpzPZC7LS2knI9E6BaRFDK43Eul7vd6rSq2HWk=
github.com/aws/aws-secretsmanager-caching-go/v2 v2.1.1 h1:L1s6e1t52MWZ2S+96AF7Si+SQy7BqQnllGHgLwdQy/I=
github.com/aws/aws-secretsmanager-caching-go/v2 v2.1.1/go.mod h1:tI92REdzBEWATJHIqIVBk/L/9l6XPGj0Xallezr2fPQ=
github.com/aws/smithy-go v1.23.2 h1:Crv0eatJUQhaManss33hS5r40CG3ZFH+21XSkqMrIUM=
github.com/aws/smithy-go v1.23.2/go.mod h1:LEj2LM3rBRQJxPZTB4KuzZkaZYnZPnvgIhb4pu07mx0=
github.com/brunoscheufler/aws-ecs-metadata-go v0.0.0-20221221133751-67e37ae746cd h1:C0dfBzAdNMqxokqWUysk2KTJSMmqvh9cNW1opdy5+0Q=
github.com/brunoscheufler/aws-ecs-metadata-go v0.0.0-20221221133751-67e37ae746cd/go.mod h1:CeKhh8xSs3WZAc50xABMxu+FlfAAd5PNumo7NfOv7EE=
github.com/cenkalti/backoff/v5 v5.0.3 h1:ZN+IMa753KfX5hd8vVaMixjnqRZ3y8CuJKRKj1xcsSM=
github.com/cenkalti/backoff/v5 v5.0.3/go.mod h1:rkhZdG3JZukswDf7f0cwqPNk4K0sa+F97BxZthm/crw=
github.com/davecgh/go-spew v1.1.0/go.mod h1:J7Y8YcW2NihsgmVo/mv3lAwl/skON4iLHjSsI+c5H38=
github.com/davecgh/go-spew v1.1.1 h1:vj9j/u1bqnvCEfJOwUhtlOARqs3+rkHYY13jYWTU97c=
github.com/davecgh/go-spew v1.1.1/go.mod h1:J7Y8YcW2NihsgmVo/mv3lAwl/skON4iLHjSsI+c5H38=
github.com/go-logr/logr v1.2.2/go.mod h1:jdQByPbusPIv2/zmleS9BjJVeZ6kBagPoEUsqbVz/1A=
github.com/go-logr/logr v1.4.3 h1:CjnDlHq8ikf6E492q6eKboGOC0T8CDaOvkHCIg8idEI=
github.com/go-logr/logr v1.4.3/go.mod h1:9T104GzyrTigFIr8wt5mBrctHMim0Nb2HLGrmQ40KvY=
github.com/go-logr/stdr v1.2.2 h1:hSWxHoqTgW2S2qGc0LTAI563KZ5YKYRhT3MFKZMbjag=
github.com/go-logr/stdr v1.2.2/go.mod h1:mMo/vtBO5dYbehREoey6XUKy/eSumjCCveDpRre4VKE=
github.com/golang-jwt/jwt/v5 v5.3.0 h1:pv4AsKCKKZuqlgs5sUmn4x8UlGa0kEVt/puTpKx9vvo=
github.com/golang-jwt/jwt/v5 v5.3.0/go.mod h1:fxCRLWMO43lRc8nhHWY6LGqRcf+1gQWArsqaEUEa5bE=
github.com/golang/protobuf v1.5.4 h1:i7eJL8qZTpSEXOPTxNKhASYpMn+8e5Q6AdndVa1dWek=
github.com/golang/protobuf v1.5.4/go.mod h1:lnTiLA8Wa4RWRcIUkrtSVa5nRhsEGBg48fD6rSs7xps=
github.com/google/go-cmp v0.7.0 h1:wk8382ETsv4JYUZwIsn6YpYiWiBsYLSJiTsyBybVuN8=
github.com/google/go-cmp v0.7.0/go.mod h1:pXiqmnSA92OHEEa9HXL2W4E7lf9JzCmGVUdgjX3N/iU=
github.com/google/uuid v1.6.0 h1:NIvaJDMOsjHA8n1jAhLSgzrAzy1Hgr+hNrb57e+94F0=
github.com/google/uuid v1.6.0/go.mod h1:TIyPZe4MgqvfeYDBFedMoGGpEw/LqOeaOT+nhxU+yHo=
github.com/grpc-ecosystem/grpc-gateway/v2 v2.27.2 h1:8Tjv8EJ+pM1xP8mK6egEbD1OgnVTyacbefKhmbLhIhU=
github.com/grpc-ecosystem/grpc-gateway/v2 v2.27.2/go.mod h1:pkJQ2tZHJ0aFOVEEot6oZmaVEZcRme73eIFmhiVuRWs=
github.com/kr/pretty v0.3.1 h1:flRD4NNwYAUpkphVc1HcthR4KEIFJ65n8Mw5qdRn3LE=
github.com/kr/pretty v0.3.1/go.mod h1:hoEshYVHaxMs3cyo3Yncou5ZscifuDolrwPKZanG3xk=
github.com/kr/text v0.2.0 h1:5Nx0Ya0ZqY2ygV366QzturHI13Jq95ApcVaJBhpS+AY=
github.com/kr/text v0.2.0/go.mod h1:eLer722TekiGuMkidMxC/pM04lWEeraHUUmBw8l2grE=
github.com/ministryofjustice/opg-go-common v1.136.1 h1:Qccpch20xtKUrFnoLf6qbqWzS0oiiajZzqCCv0hi23o=
github.com/ministryofjustice/opg-go-common v1.136.1/go.mod h1:2gszohL4l4x2NFqlZnqaN7r6OcYs/hYXINT3McLhxoE=
github.com/ministryofjustice/opg-go-healthcheck v1.1.0 h1:MHKgp78y85hSH7xnciNp3DCu8naeNAtUx5r7s/Q9mzk=
github.com/ministryofjustice/opg-go-healthcheck v1.1.0/go.mod h1:Xc+DW9mL8o34oBadko+6sdrpu62G1tuKbjedy5vFnX4=
github.com/pmezard/go-difflib v1.0.0 h1:4DBwDE0NGyQoBHbLQYPwSUPoCMWR5BEzIk/f1lZbAQM=
github.com/pmezard/go-difflib v1.0.0/go.mod h1:iKH77koFhYxTK1pcRnkKkqfTogsbg7gZNVY4sRDYZ/4=
github.com/rogpeppe/go-internal v1.13.1 h1:KvO1DLK/DRN07sQ1LQKScxyZJuNnedQ5/wKSR38lUII=
github.com/rogpeppe/go-internal v1.13.1/go.mod h1:uMEvuHeurkdAXX61udpOXGD/AzZDWNMNyH2VO9fmH0o=
github.com/rs/xid v1.6.0 h1:fV591PaemRlL6JfRxGDEPl69wICngIQ3shQtzfy2gxU=
github.com/rs/xid v1.6.0/go.mod h1:7XoLgs4eV+QndskICGsho+ADou8ySMSjJKDIan90Nz0=
github.com/stretchr/objx v0.1.0/go.mod h1:HFkY916IF+rwdDfMAkV7OtwuqBVzrE8GR6GFx+wExME=
github.com/stretchr/objx v0.4.0/go.mod h1:YvHI0jy2hoMjB+UWwv71VJQ9isScKT/TqJzVSSt89Yw=
github.com/stretchr/objx v0.5.2 h1:xuMeJ0Sdp5ZMRXx/aWO6RZxdr3beISkG5/G/aIRr3pY=
github.com/stretchr/objx v0.5.2/go.mod h1:FRsXN1f5AsAjCGJKqEizvkpNtU+EGNCLh3NxZ/8L+MA=
github.com/stretchr/testify v1.7.1/go.mod h1:6Fq8oRcR53rry900zMqJjRRixrwX3KX962/h/Wwjteg=
github.com/stretchr/testify v1.8.0/go.mod h1:yNjHg4UonilssWZ8iaSj1OCr/vHnekPRkoO+kdMU+MU=
github.com/stretchr/testify v1.11.1 h1:7s2iGBzp5EwR7/aIZr8ao5+dra3wiQyKjjFuvgVKu7U=
github.com/stretchr/testify v1.11.1/go.mod h1:wZwfW3scLgRK+23gO65QZefKpKQRnfz6sD981Nm4B6U=
go.opentelemetry.io/auto/sdk v1.1.0 h1:cH53jehLUN6UFLY71z+NDOiNJqDdPRaXzTel0sJySYA=
go.opentelemetry.io/auto/sdk v1.1.0/go.mod h1:3wSPjt5PWp2RhlCcmmOial7AvC4DQqZb7a7wCow3W8A=
go.opentelemetry.io/contrib/detectors/aws/ecs v1.38.0 h1:3k8Hm/2d06eFegWKjPgGqyrGBTa8xGWMXsV3EHmXqUY=
go.opentelemetry.io/contrib/detectors/aws/ecs v1.38.0/go.mod h1:/RMzURa608/HpVWxCeTkkQVgasv/KG8SvFrLyic4le8=
go.opentelemetry.io/contrib/propagators/aws v1.38.0 h1:eRZ7asSbLc5dH7+TBzL6hFKb1dabz0IV51uUUwYRZts=
go.opentelemetry.io/contrib/propagators/aws v1.38.0/go.mod h1:wXqc9NTGcXapBExHBDVLEZlByu6quiQL8w7Tjgv8TCg=
go.opentelemetry.io/otel v1.38.0 h1:RkfdswUDRimDg0m2Az18RKOsnI8UDzppJAtj01/Ymk8=
go.opentelemetry.io/otel v1.38.0/go.mod h1:zcmtmQ1+YmQM9wrNsTGV/q/uyusom3P8RxwExxkZhjM=
go.opentelemetry.io/otel/exporters/otlp/otlptrace v1.38.0 h1:GqRJVj7UmLjCVyVJ3ZFLdPRmhDUp2zFmQe3RHIOsw24=
go.opentelemetry.io/otel/exporters/otlp/otlptrace v1.38.0/go.mod h1:ri3aaHSmCTVYu2AWv44YMauwAQc0aqI9gHKIcSbI1pU=
go.opentelemetry.io/otel/exporters/otlp/otlptrace/otlptracegrpc v1.38.0 h1:lwI4Dc5leUqENgGuQImwLo4WnuXFPetmPpkLi2IrX54=
go.opentelemetry.io/otel/exporters/otlp/otlptrace/otlptracegrpc v1.38.0/go.mod h1:Kz/oCE7z5wuyhPxsXDuaPteSWqjSBD5YaSdbxZYGbGk=
go.opentelemetry.io/otel/metric v1.38.0 h1:Kl6lzIYGAh5M159u9NgiRkmoMKjvbsKtYRwgfrA6WpA=
go.opentelemetry.io/otel/metric v1.38.0/go.mod h1:kB5n/QoRM8YwmUahxvI3bO34eVtQf2i4utNVLr9gEmI=
go.opentelemetry.io/otel/sdk v1.38.0 h1:l48sr5YbNf2hpCUj/FoGhW9yDkl+Ma+LrVl8qaM5b+E=
go.opentelemetry.io/otel/sdk v1.38.0/go.mod h1:ghmNdGlVemJI3+ZB5iDEuk4bWA3GkTpW+DOoZMYBVVg=
go.opentelemetry.io/otel/sdk/metric v1.38.0 h1:aSH66iL0aZqo//xXzQLYozmWrXxyFkBJ6qT5wthqPoM=
go.opentelemetry.io/otel/sdk/metric v1.38.0/go.mod h1:dg9PBnW9XdQ1Hd6ZnRz689CbtrUp0wMMs9iPcgT9EZA=
go.opentelemetry.io/otel/trace v1.38.0 h1:Fxk5bKrDZJUH+AMyyIXGcFAPah0oRcT+LuNtJrmcNLE=
go.opentelemetry.io/otel/trace v1.38.0/go.mod h1:j1P9ivuFsTceSWe1oY+EeW3sc+Pp42sO++GHkg4wwhs=
go.opentelemetry.io/proto/otlp v1.7.1 h1:gTOMpGDb0WTBOP8JaO72iL3auEZhVmAQg4ipjOVAtj4=
go.opentelemetry.io/proto/otlp v1.7.1/go.mod h1:b2rVh6rfI/s2pHWNlB7ILJcRALpcNDzKhACevjI+ZnE=
go.uber.org/goleak v1.3.0 h1:2K3zAYmnTNqV73imy9J1T3WC+gmCePx2hEGkimedGto=
go.uber.org/goleak v1.3.0/go.mod h1:CoHD4mav9JJNrW/WLlf7HGZPjdw8EucARQHekz1X6bE=
golang.org/x/net v0.43.0 h1:lat02VYK2j4aLzMzecihNvTlJNQUq316m2Mr9rnM6YE=
golang.org/x/net v0.43.0/go.mod h1:vhO1fvI4dGsIjh73sWfUVjj3N7CA9WkKJNQm2svM6Jg=
golang.org/x/sys v0.35.0 h1:vz1N37gP5bs89s7He8XuIYXpyY0+QlsKmzipCbUtyxI=
golang.org/x/sys v0.35.0/go.mod h1:BJP2sWEmIv4KK5OTEluFJCKSidICx8ciO85XgH3Ak8k=
golang.org/x/text v0.28.0 h1:rhazDwis8INMIwQ4tpjLDzUhx6RlXqZNPEM0huQojng=
golang.org/x/text v0.28.0/go.mod h1:U8nCwOR8jO/marOQ0QbDiOngZVEBB7MAiitBuMjXiNU=
gonum.org/v1/gonum v0.16.0 h1:5+ul4Swaf3ESvrOnidPp4GZbzf0mxVQpDCYUQE7OJfk=
gonum.org/v1/gonum v0.16.0/go.mod h1:fef3am4MQ93R2HHpKnLk4/Tbh/s0+wqD5nfa6Pnwy4E=
google.golang.org/genproto/googleapis/api v0.0.0-20250825161204-c5933d9347a5 h1:BIRfGDEjiHRrk0QKZe3Xv2ieMhtgRGeLcZQ0mIVn4EY=
google.golang.org/genproto/googleapis/api v0.0.0-20250825161204-c5933d9347a5/go.mod h1:j3QtIyytwqGr1JUDtYXwtMXWPKsEa5LtzIFN1Wn5WvE=
google.golang.org/genproto/googleapis/rpc v0.0.0-20250825161204-c5933d9347a5 h1:eaY8u2EuxbRv7c3NiGK0/NedzVsCcV6hDuU5qPX5EGE=
google.golang.org/genproto/googleapis/rpc v0.0.0-20250825161204-c5933d9347a5/go.mod h1:M4/wBTSeyLxupu3W3tJtOgB14jILAS/XWPSSa3TAlJc=
google.golang.org/grpc v1.76.0 h1:UnVkv1+uMLYXoIz6o7chp59WfQUYA2ex/BXQ9rHZu7A=
google.golang.org/grpc v1.76.0/go.mod h1:Ju12QI8M6iQJtbcsV+awF5a4hfJMLi4X0JLo94ULZ6c=
google.golang.org/protobuf v1.36.8 h1:xHScyCOEuuwZEc6UtSOvPbAT4zRh0xcNRYekJwfqyMc=
google.golang.org/protobuf v1.36.8/go.mod h1:fuxRtAxBytpl4zzqUh6/eyUujkJdNiuEkXntxiD/uRU=
gopkg.in/check.v1 v0.0.0-20161208181325-20d25e280405/go.mod h1:Co6ibVJAznAaIkqp8huTwlJQCZ016jof/cbN4VW5Yz0=
gopkg.in/check.v1 v1.0.0-20201130134442-10cb98267c6c h1:Hei/4ADfdWqJk1ZMxUNpqntNwaWcugrBjAiHlqqRiVk=
gopkg.in/check.v1 v1.0.0-20201130134442-10cb98267c6c/go.mod h1:JHkPIbrfpd72SG/EVd6muEfDQjcINNoR0C8j2r3qZ4Q=
gopkg.in/yaml.v3 v3.0.0-20200313102051-9f266ea9e77c/go.mod h1:K4uyk7z7BCEPqu6E+C64Yfv1cQ7kz7rIZviUmN+EgEM=
gopkg.in/yaml.v3 v3.0.1 h1:fxVm/GzAzEWqLHuvctI91KS9hhNmmWOoWu0XTYJS7CA=
gopkg.in/yaml.v3 v3.0.1/go.mod h1:K4uyk7z7BCEPqu6E+C64Yfv1cQ7kz7rIZviUmN+EgEM=
